
Microsoft Visual Studio Solution File, Format Version 12.00
# Visual Studio Version 17
VisualStudioVersion = 17.9.34701.34
MinimumVisualStudioVersion = 10.0.40219.1
Project("{FAE04EC0-301F-11D3-BF4B-00C04F79EFBC}") = "RecipeApp", "RecipeApp\RecipeApp.csproj", "{F31E9467-D3AB-4214-8D8C-CDDE6A303269}"
EndProject
Global
	GlobalSection(SolutionConfigurationPlatforms) = preSolution
		Debug|Any CPU = Debug|Any CPU
		Release|Any CPU = Release|Any CPU
	EndGlobalSection
	GlobalSection(ProjectConfigurationPlatforms) = postSolution
		{F31E9467-D3AB-4214-8D8C-CDDE6A303269}.Debug|Any CPU.ActiveCfg = Debug|Any CPU
		{F31E9467-D3AB-4214-8D8C-CDDE6A303269}.Debug|Any CPU.Build.0 = Debug|Any CPU
		{F31E9467-D3AB-4214-8D8C-CDDE6A303269}.Release|Any CPU.ActiveCfg = Release|Any CPU
		{F31E9467-D3AB-4214-8D8C-CDDE6A303269}.Release|Any CPU.Build.0 = Release|Any CPU
	EndGlobalSection
	GlobalSection(SolutionProperties) = preSolution
		HideSolutionNode = FALSE
	EndGlobalSection
	GlobalSection(ExtensibilityGlobals) = postSolution
		SolutionGuid = {8A4A3FB9-BD40-4485-8D94-1783CAB523E7}
	EndGlobalSection
EndGlobal
